{
  "name": "onlinecasino",
  "version": "1.0.0",
  "lockfileVersion": 3,
  "requires": true,
  "packages": {
    "": {
      "name": "onlinecasino",
      "version": "1.0.0",
      "license": "ISC",
      "dependencies": {
        "@tailwindcss/browser": "^4.0.9"
      },
      "devDependencies": {
        "daisyui": "^5.0.6"
      }
    },
    "node_modules/@tailwindcss/browser": {
      "version": "4.1.5",
      "resolved": "https://registry.npmjs.org/@tailwindcss/browser/-/browser-4.1.5.tgz",
      "integrity": "sha512-VCItJcj1MZYy6/t5jumvuZAsjapZ+5+F5rmbpXW4sjOZVzzkYJVrw1NJ0Z+8PKIYODFkRwOC8x6LqBUBP9LVQg==",
      "license": "MIT"
    },
    "node_modules/daisyui": {
      "version": "5.0.35",
      "resolved": "https://registry.npmjs.org/daisyui/-/daisyui-5.0.35.tgz",
      "integrity": "sha512-AWi11n/x5++mps55jcwrBf0Lmip1euWY0FYcH/05SFGmoqrU7S7/aIUWaiaeqlJ5EcmEZ/7zEY73aOxMv6hcIg==",
      "dev": true,
      "license": "MIT",
      "funding": {
        "url": "https://github.com/saadeghi/daisyui?sponsor=1"
      }
    }
  }
}
